
Microsoft Visual Studio Solution File, Format Version 12.00
# Visual Studio 15
Project("{FAE04EC0-301F-11D3-BF4B-00C04F79EFBC}") = "GrpcClient", "GrpcClient\GrpcClient.csproj", "{D7D51AD0-6B00-4349-9AA0-672C6A956D99}"
EndProject
Global
	GlobalSection(SolutionConfigurationPlatforms) = preSolution
		Debug|Any CPU = Debug|Any CPU
		Release|Any CPU = Release|Any CPU
	EndGlobalSection
	GlobalSection(ProjectConfigurationPlatforms) = postSolution
		{D7D51AD0-6B00-4349-9AA0-672C6A956D99}.Debug|Any CPU.ActiveCfg = Debug|Any CPU
		{D7D51AD0-6B00-4349-9AA0-672C6A956D99}.Debug|Any CPU.Build.0 = Debug|Any CPU
		{D7D51AD0-6B00-4349-9AA0-672C6A956D99}.Release|Any CPU.ActiveCfg = Release|Any CPU
		{D7D51AD0-6B00-4349-9AA0-672C6A956D99}.Release|Any CPU.Build.0 = Release|Any CPU
	EndGlobalSection
EndGlobal
